
Microsoft Visual Studio Solution File, Format Version 11.00
# Visual C# Express 2010
Project("{FAE04EC0-301F-11D3-BF4B-00C04F79EFBC}") = "BusinessLogic", "BusinessLogic\BusinessLogic.csproj", "{C475D6A9-4E40-4717-A53A-942145D1C054}"
	ProjectSection(ProjectDependencies) = postProject
		{69F68408-A351-4007-B373-065563411E52} = {69F68408-A351-4007-B373-065563411E52}
	EndProjectSection
EndProject
Project("{FAE04EC0-301F-11D3-BF4B-00C04F79EFBC}") = "DataAccessLayer", "..\DataAccessLayer\DataAccessLayer\DataAccessLayer.csproj", "{69F68408-A351-4007-B373-065563411E52}"
EndProject
Project("{FAE04EC0-301F-11D3-BF4B-00C04F79EFBC}") = "AITLibrary", "..\AITLibrary\AITLibrary.csproj", "{FE989C73-6409-497B-A234-BFC26A8F59DC}"
	ProjectSection(ProjectDependencies) = postProject
		{69F68408-A351-4007-B373-065563411E52} = {69F68408-A351-4007-B373-065563411E52}
		{C475D6A9-4E40-4717-A53A-942145D1C054} = {C475D6A9-4E40-4717-A53A-942145D1C054}
	EndProjectSection
EndProject
Global
	GlobalSection(SolutionConfigurationPlatforms) = preSolution
		Debug|Any CPU = Debug|Any CPU
		Debug|Mixed Platforms = Debug|Mixed Platforms
		Debug|x86 = Debug|x86
		Release|Any CPU = Release|Any CPU
		Release|Mixed Platforms = Release|Mixed Platforms
		Release|x86 = Release|x86
	EndGlobalSection
	GlobalSection(ProjectConfigurationPlatforms) = postSolution
		{C475D6A9-4E40-4717-A53A-942145D1C054}.Debug|Any CPU.ActiveCfg = Debug|Any CPU
		{C475D6A9-4E40-4717-A53A-942145D1C054}.Debug|Any CPU.Build.0 = Debug|Any CPU
		{C475D6A9-4E40-4717-A53A-942145D1C054}.Debug|Mixed Platforms.ActiveCfg = Debug|Any CPU
		{C475D6A9-4E40-4717-A53A-942145D1C054}.Debug|Mixed Platforms.Build.0 = Debug|Any CPU
		{C475D6A9-4E40-4717-A53A-942145D1C054}.Debug|x86.ActiveCfg = Debug|Any CPU
		{C475D6A9-4E40-4717-A53A-942145D1C054}.Release|Any CPU.ActiveCfg = Release|Any CPU
		{C475D6A9-4E40-4717-A53A-942145D1C054}.Release|Any CPU.Build.0 = Release|Any CPU
		{C475D6A9-4E40-4717-A53A-942145D1C054}.Release|Mixed Platforms.ActiveCfg = Release|Any CPU
		{C475D6A9-4E40-4717-A53A-942145D1C054}.Release|Mixed Platforms.Build.0 = Release|Any CPU
		{C475D6A9-4E40-4717-A53A-942145D1C054}.Release|x86.ActiveCfg = Release|Any CPU
		{69F68408-A351-4007-B373-065563411E52}.Debug|Any CPU.ActiveCfg = Debug|Any CPU
		{69F68408-A351-4007-B373-065563411E52}.Debug|Any CPU.Build.0 = Debug|Any CPU
		{69F68408-A351-4007-B373-065563411E52}.Debug|Mixed Platforms.ActiveCfg = Debug|Any CPU
		{69F68408-A351-4007-B373-065563411E52}.Debug|Mixed Platforms.Build.0 = Debug|Any CPU
		{69F68408-A351-4007-B373-065563411E52}.Debug|x86.ActiveCfg = Debug|Any CPU
		{69F68408-A351-4007-B373-065563411E52}.Release|Any CPU.ActiveCfg = Release|Any CPU
		{69F68408-A351-4007-B373-065563411E52}.Release|Any CPU.Build.0 = Release|Any CPU
		{69F68408-A351-4007-B373-065563411E52}.Release|Mixed Platforms.ActiveCfg = Release|Any CPU
		{69F68408-A351-4007-B373-065563411E52}.Release|Mixed Platforms.Build.0 = Release|Any CPU
		{69F68408-A351-4007-B373-065563411E52}.Release|x86.ActiveCfg = Release|Any CPU
		{FE989C73-6409-497B-A234-BFC26A8F59DC}.Debug|Any CPU.ActiveCfg = Debug|x86
		{FE989C73-6409-497B-A234-BFC26A8F59DC}.Debug|Mixed Platforms.ActiveCfg = Debug|x86
		{FE989C73-6409-497B-A234-BFC26A8F59DC}.Debug|Mixed Platforms.Build.0 = Debug|x86
		{FE989C73-6409-497B-A234-BFC26A8F59DC}.Debug|x86.ActiveCfg = Debug|x86
		{FE989C73-6409-497B-A234-BFC26A8F59DC}.Debug|x86.Build.0 = Debug|x86
		{FE989C73-6409-497B-A234-BFC26A8F59DC}.Release|Any CPU.ActiveCfg = Release|x86
		{FE989C73-6409-497B-A234-BFC26A8F59DC}.Release|Mixed Platforms.ActiveCfg = Release|x86
		{FE989C73-6409-497B-A234-BFC26A8F59DC}.Release|Mixed Platforms.Build.0 = Release|x86
		{FE989C73-6409-497B-A234-BFC26A8F59DC}.Release|x86.ActiveCfg = Release|x86
		{FE989C73-6409-497B-A234-BFC26A8F59DC}.Release|x86.Build.0 = Release|x86
	EndGlobalSection
	GlobalSection(SolutionProperties) = preSolution
		HideSolutionNode = FALSE
	EndGlobalSection
EndGlobal
